
Microsoft Visual Studio Solution File, Format Version 12.00
# Visual Studio 15
VisualStudioVersion = 15.0.26403.3
MinimumVisualStudioVersion = 10.0.40219.1
Project("{FAE04EC0-301F-11D3-BF4B-00C04F79EFBC}") = "CS-006", "CS-006\CS-006.csproj", "{62CD7B69-6672-43C8-B221-ACB9AB26B2E4}"
EndProject
Project("{FAE04EC0-301F-11D3-BF4B-00C04F79EFBC}") = "Spy Game", "Spy Game\Spy Game.csproj", "{E4B39826-39AF-4D59-987A-20742B53FC2E}"
EndProject
Project("{FAE04EC0-301F-11D3-BF4B-00C04F79EFBC}") = "CS-ASP_016", "CS-ASP_016\CS-ASP_016.csproj", "{24C0C77A-5FF3-4099-BB6A-58E4BEE3B51E}"
EndProject
Project("{FAE04EC0-301F-11D3-BF4B-00C04F79EFBC}") = "CS-ASP_022", "CS-ASP_022\CS-ASP_022.csproj", "{E28AE4FC-C713-4FD1-87E5-F67795281D5F}"
EndProject
Global
	GlobalSection(SolutionConfigurationPlatforms) = preSolution
		Debug|Any CPU = Debug|Any CPU
		Release|Any CPU = Release|Any CPU
	EndGlobalSection
	GlobalSection(ProjectConfigurationPlatforms) = postSolution
		{62CD7B69-6672-43C8-B221-ACB9AB26B2E4}.Debug|Any CPU.ActiveCfg = Debug|Any CPU
		{62CD7B69-6672-43C8-B221-ACB9AB26B2E4}.Debug|Any CPU.Build.0 = Debug|Any CPU
		{62CD7B69-6672-43C8-B221-ACB9AB26B2E4}.Release|Any CPU.ActiveCfg = Release|Any CPU
		{62CD7B69-6672-43C8-B221-ACB9AB26B2E4}.Release|Any CPU.Build.0 = Release|Any CPU
		{E4B39826-39AF-4D59-987A-20742B53FC2E}.Debug|Any CPU.ActiveCfg = Debug|Any CPU
		{E4B39826-39AF-4D59-987A-20742B53FC2E}.Debug|Any CPU.Build.0 = Debug|Any CPU
		{E4B39826-39AF-4D59-987A-20742B53FC2E}.Release|Any CPU.ActiveCfg = Release|Any CPU
		{E4B39826-39AF-4D59-987A-20742B53FC2E}.Release|Any CPU.Build.0 = Release|Any CPU
		{24C0C77A-5FF3-4099-BB6A-58E4BEE3B51E}.Debug|Any CPU.ActiveCfg = Debug|Any CPU
		{24C0C77A-5FF3-4099-BB6A-58E4BEE3B51E}.Debug|Any CPU.Build.0 = Debug|Any CPU
		{24C0C77A-5FF3-4099-BB6A-58E4BEE3B51E}.Release|Any CPU.ActiveCfg = Release|Any CPU
		{24C0C77A-5FF3-4099-BB6A-58E4BEE3B51E}.Release|Any CPU.Build.0 = Release|Any CPU
		{E28AE4FC-C713-4FD1-87E5-F67795281D5F}.Debug|Any CPU.ActiveCfg = Debug|Any CPU
		{E28AE4FC-C713-4FD1-87E5-F67795281D5F}.Debug|Any CPU.Build.0 = Debug|Any CPU
		{E28AE4FC-C713-4FD1-87E5-F67795281D5F}.Release|Any CPU.ActiveCfg = Release|Any CPU
		{E28AE4FC-C713-4FD1-87E5-F67795281D5F}.Release|Any CPU.Build.0 = Release|Any CPU
	EndGlobalSection
	GlobalSection(SolutionProperties) = preSolution
		HideSolutionNode = FALSE
	EndGlobalSection
EndGlobal
